
Microsoft Visual Studio Solution File, Format Version 12.00
# Visual Studio Version 17
VisualStudioVersion = 17.2.32505.173
MinimumVisualStudioVersion = 10.0.40219.1
Project("{FAE04EC0-301F-11D3-BF4B-00C04F79EFBC}") = "213042 p2", "213042 p2\213042 p2.csproj", "{61F2F6F1-1BF9-4F8D-9F2F-A903D348FD69}"
EndProject
Global
	GlobalSection(SolutionConfigurationPlatforms) = preSolution
		Debug|Any CPU = Debug|Any CPU
		Release|Any CPU = Release|Any CPU
	EndGlobalSection
	GlobalSection(ProjectConfigurationPlatforms) = postSolution
		{61F2F6F1-1BF9-4F8D-9F2F-A903D348FD69}.Debug|Any CPU.ActiveCfg = Debug|Any CPU
		{61F2F6F1-1BF9-4F8D-9F2F-A903D348FD69}.Debug|Any CPU.Build.0 = Debug|Any CPU
		{61F2F6F1-1BF9-4F8D-9F2F-A903D348FD69}.Release|Any CPU.ActiveCfg = Release|Any CPU
		{61F2F6F1-1BF9-4F8D-9F2F-A903D348FD69}.Release|Any CPU.Build.0 = Release|Any CPU
	EndGlobalSection
	GlobalSection(SolutionProperties) = preSolution
		HideSolutionNode = FALSE
	EndGlobalSection
	GlobalSection(ExtensibilityGlobals) = postSolution
		SolutionGuid = {F0A03C84-9DD3-496E-8B84-670FD2EEFB01}
	EndGlobalSection
EndGlobal
